
Microsoft Visual Studio Solution File, Format Version 12.00
# Visual Studio Version 17
VisualStudioVersion = 17.0.31919.166
MinimumVisualStudioVersion = 10.0.40219.1
Project("{FAE04EC0-301F-11D3-BF4B-00C04F79EFBC}") = "DriverInformation", "DriverInformation\DriverInformation.csproj", "{B06271F4-D512-41E1-8BC1-B95BDDC4E3DF}"
EndProject
Global
	GlobalSection(SolutionConfigurationPlatforms) = preSolution
		Debug|Any CPU = Debug|Any CPU
		Release|Any CPU = Release|Any CPU
	EndGlobalSection
	GlobalSection(ProjectConfigurationPlatforms) = postSolution
		{B06271F4-D512-41E1-8BC1-B95BDDC4E3DF}.Debug|Any CPU.ActiveCfg = Debug|Any CPU
		{B06271F4-D512-41E1-8BC1-B95BDDC4E3DF}.Debug|Any CPU.Build.0 = Debug|Any CPU
		{B06271F4-D512-41E1-8BC1-B95BDDC4E3DF}.Release|Any CPU.ActiveCfg = Release|Any CPU
		{B06271F4-D512-41E1-8BC1-B95BDDC4E3DF}.Release|Any CPU.Build.0 = Release|Any CPU
	EndGlobalSection
	GlobalSection(SolutionProperties) = preSolution
		HideSolutionNode = FALSE
	EndGlobalSection
	GlobalSection(ExtensibilityGlobals) = postSolution
		SolutionGuid = {E5136D8B-B6B5-431C-AC60-6E85F552D89D}
	EndGlobalSection
EndGlobal
